<?xml version="1.0" encoding="utf-8"?>
<Project ToolsVersion="4.0" xmlns="http://schemas.microsoft.com/developer/msbuild/2003">
  <ItemGroup>
    <Filter Include="源文件">
      <UniqueIdentifier>{4FC737F1-C7A5-4376-A066-2A32D752A2FF}</UniqueIdentifier>
      <Extensions>cpp;c;cc;cxx;def;odl;idl;hpj;bat;asm;asmx</Extensions>
    </Filter>
    <Filter Include="头文件">
      <UniqueIdentifier>{93995380-89BD-4b04-88EB-625FBE52EBFB}</UniqueIdentifier>
      <Extensions>h;hh;hpp;hxx;hm;inl;inc;xsd</Extensions>
    </Filter>
    <Filter Include="资源文件">
      <UniqueIdentifier>{67DA6AB6-F800-4c08-8B7A-83BB121AAD01}</UniqueIdentifier>
      <Extensions>rc;ico;cur;bmp;dlg;rc2;rct;bin;rgs;gif;jpg;jpeg;jpe;resx;tiff;tif;png;wav;mfcribbon-ms</Extensions>
    </Filter>
  </ItemGroup>
  <ItemGroup>
    <ClInclude Include="stdafx.h">
      <Filter>头文件</Filter>
    </ClInclude>
    <ClInclude Include="targetver.h">
      <Filter>头文件</Filter>
    </ClInclude>
    <ClInclude Include="resource.h">
      <Filter>头文件</Filter>
    </ClInclude>
    <ClInclude Include="ColorBuffer.hpp">
      <Filter>头文件</Filter>
    </ClInclude>
    <ClInclude Include="RGBA.hpp">
      <Filter>头文件</Filter>
    </ClInclude>
    <ClInclude Include="Math.hpp">
      <Filter>头文件</Filter>
    </ClInclude>
    <ClInclude Include="DrawSample.hpp">
      <Filter>头文件</Filter>
    </ClInclude>
    <ClInclude Include="DrawPointSample.hpp">
      <Filter>头文件</Filter>
    </ClInclude>
    <ClInclude Include="DrawLineSample.hpp">
      <Filter>头文件</Filter>
    </ClInclude>
    <ClInclude Include="Vector.hpp">
      <Filter>头文件</Filter>
    </ClInclude>
    <ClInclude Include="DrawCircleSample.hpp">
      <Filter>头文件</Filter>
    </ClInclude>
    <ClInclude Include="DrawCircleSample1.hpp">
      <Filter>头文件</Filter>
    </ClInclude>
    <ClInclude Include="DrawBezierCurve.hpp">
      <Filter>头文件</Filter>
    </ClInclude>
    <ClInclude Include="DrawTriangleSample.hpp">
      <Filter>头文件</Filter>
    </ClInclude>
    <ClInclude Include="DrawColorLineSample.hpp">
      <Filter>头文件</Filter>
    </ClInclude>
    <ClInclude Include="DrawColorTriangleSample.hpp">
      <Filter>头文件</Filter>
    </ClInclude>
    <ClInclude Include="FPS.hpp">
      <Filter>头文件</Filter>
    </ClInclude>
    <ClInclude Include="Profile.hpp">
      <Filter>头文件</Filter>
    </ClInclude>
    <ClInclude Include="DrawImageSample.hpp">
      <Filter>头文件</Filter>
    </ClInclude>
    <ClInclude Include="Image.hpp">
      <Filter>头文件</Filter>
    </ClInclude>
    <ClInclude Include="DrawTextureTriangle.hpp">
      <Filter>头文件</Filter>
    </ClInclude>
    <ClInclude Include="LOpenGL.h">
      <Filter>头文件</Filter>
    </ClInclude>
    <ClInclude Include="DrawOpenGLSample.hpp">
      <Filter>头文件</Filter>
    </ClInclude>
    <ClInclude Include="OpenGLDrawQuad.hpp">
      <Filter>头文件</Filter>
    </ClInclude>
    <ClInclude Include="OpenGLViewport.hpp">
      <Filter>头文件</Filter>
    </ClInclude>
    <ClInclude Include="OpenGLTranslate.hpp">
      <Filter>头文件</Filter>
    </ClInclude>
  </ItemGroup>
  <ItemGroup>
    <ClCompile Include="stdafx.cpp">
      <Filter>源文件</Filter>
    </ClCompile>
    <ClCompile Include="main.cpp">
      <Filter>源文件</Filter>
    </ClCompile>
  </ItemGroup>
  <ItemGroup>
    <ResourceCompile Include="Raster.rc">
      <Filter>资源文件</Filter>
    </ResourceCompile>
  </ItemGroup>
  <ItemGroup>
    <Image Include="small.ico">
      <Filter>资源文件</Filter>
    </Image>
    <Image Include="Raster.ico">
      <Filter>资源文件</Filter>
    </Image>
  </ItemGroup>
</Project>